
Microsoft Visual Studio Solution File, Format Version 12.00
# Visual Studio 15
VisualStudioVersion = 15.0.28010.2019
MinimumVisualStudioVersion = 10.0.40219.1
Project("{9A19103F-16F7-4668-BE54-9A1E7A4F7556}") = "QuickKartCoreMVCApp", "QuickKartCoreMVCApp\QuickKartCoreMVCApp.csproj", "{777D2278-A756-4186-86B7-C4CE9A4857FC}"
EndProject
Project("{9A19103F-16F7-4668-BE54-9A1E7A4F7556}") = "QuickKartDataAccessLayer", "QuickKartDataAccessLayer\QuickKartDataAccessLayer.csproj", "{8E438DC5-E3C4-48C6-8C4B-39243B5BA580}"
EndProject
Global
	GlobalSection(SolutionConfigurationPlatforms) = preSolution
		Debug|Any CPU = Debug|Any CPU
		Release|Any CPU = Release|Any CPU
	EndGlobalSection
	GlobalSection(ProjectConfigurationPlatforms) = postSolution
		{777D2278-A756-4186-86B7-C4CE9A4857FC}.Debug|Any CPU.ActiveCfg = Debug|Any CPU
		{777D2278-A756-4186-86B7-C4CE9A4857FC}.Debug|Any CPU.Build.0 = Debug|Any CPU
		{777D2278-A756-4186-86B7-C4CE9A4857FC}.Release|Any CPU.ActiveCfg = Release|Any CPU
		{777D2278-A756-4186-86B7-C4CE9A4857FC}.Release|Any CPU.Build.0 = Release|Any CPU
		{8E438DC5-E3C4-48C6-8C4B-39243B5BA580}.Debug|Any CPU.ActiveCfg = Debug|Any CPU
		{8E438DC5-E3C4-48C6-8C4B-39243B5BA580}.Debug|Any CPU.Build.0 = Debug|Any CPU
		{8E438DC5-E3C4-48C6-8C4B-39243B5BA580}.Release|Any CPU.ActiveCfg = Release|Any CPU
		{8E438DC5-E3C4-48C6-8C4B-39243B5BA580}.Release|Any CPU.Build.0 = Release|Any CPU
	EndGlobalSection
	GlobalSection(SolutionProperties) = preSolution
		HideSolutionNode = FALSE
	EndGlobalSection
	GlobalSection(ExtensibilityGlobals) = postSolution
		SolutionGuid = {D40CB3F0-7591-4521-A5F2-70897FB6258D}
	EndGlobalSection
EndGlobal
